
Microsoft Visual Studio Solution File, Format Version 12.00
# Visual Studio Version 16
VisualStudioVersion = 16.0.30114.105
MinimumVisualStudioVersion = 10.0.40219.1
Project("{9A19103F-16F7-4668-BE54-9A1E7A4F7556}") = "ECommerce.Api.Products", "ECommerce.Api.Products\ECommerce.Api.Products.csproj", "{F1C02B6B-D5BA-4121-86FF-EA2D1F2FCB0A}"
EndProject
Project("{9A19103F-16F7-4668-BE54-9A1E7A4F7556}") = "ECommerce.Api.Customers", "ECommerce.Api.Customers\ECommerce.Api.Customers.csproj", "{2CE5DCAA-F827-45BC-8B97-09B490D89A07}"
EndProject
Project("{9A19103F-16F7-4668-BE54-9A1E7A4F7556}") = "ECommerce.Api.Orders", "ECommerce.Api.Orders\ECommerce.Api.Orders.csproj", "{D7659B85-F303-4154-9905-1AD3878877F6}"
EndProject
Project("{9A19103F-16F7-4668-BE54-9A1E7A4F7556}") = "ECommerce.Api.Search", "ECommerce.Api.Search\ECommerce.Api.Search.csproj", "{2D6CF9BB-B85E-42ED-B542-804CA48D6324}"
EndProject
Project("{9A19103F-16F7-4668-BE54-9A1E7A4F7556}") = "ECommerce.Api.Products.Tests", "ECommerce.Api.Products.Tests\ECommerce.Api.Products.Tests.csproj", "{15AE5D72-E280-4234-BE9A-889059B56EFD}"
EndProject
Project("{E53339B2-1760-4266-BCC7-CA923CBCF16C}") = "docker-compose", "docker-compose.dcproj", "{7E16717A-FE0D-4FD2-BD82-78AB4E09E4A4}"
EndProject
Global
	GlobalSection(SolutionConfigurationPlatforms) = preSolution
		Debug|Any CPU = Debug|Any CPU
		Release|Any CPU = Release|Any CPU
	EndGlobalSection
	GlobalSection(ProjectConfigurationPlatforms) = postSolution
		{F1C02B6B-D5BA-4121-86FF-EA2D1F2FCB0A}.Debug|Any CPU.ActiveCfg = Debug|Any CPU
		{F1C02B6B-D5BA-4121-86FF-EA2D1F2FCB0A}.Debug|Any CPU.Build.0 = Debug|Any CPU
		{F1C02B6B-D5BA-4121-86FF-EA2D1F2FCB0A}.Release|Any CPU.ActiveCfg = Release|Any CPU
		{F1C02B6B-D5BA-4121-86FF-EA2D1F2FCB0A}.Release|Any CPU.Build.0 = Release|Any CPU
		{2CE5DCAA-F827-45BC-8B97-09B490D89A07}.Debug|Any CPU.ActiveCfg = Debug|Any CPU
		{2CE5DCAA-F827-45BC-8B97-09B490D89A07}.Debug|Any CPU.Build.0 = Debug|Any CPU
		{2CE5DCAA-F827-45BC-8B97-09B490D89A07}.Release|Any CPU.ActiveCfg = Release|Any CPU
		{2CE5DCAA-F827-45BC-8B97-09B490D89A07}.Release|Any CPU.Build.0 = Release|Any CPU
		{D7659B85-F303-4154-9905-1AD3878877F6}.Debug|Any CPU.ActiveCfg = Debug|Any CPU
		{D7659B85-F303-4154-9905-1AD3878877F6}.Debug|Any CPU.Build.0 = Debug|Any CPU
		{D7659B85-F303-4154-9905-1AD3878877F6}.Release|Any CPU.ActiveCfg = Release|Any CPU
		{D7659B85-F303-4154-9905-1AD3878877F6}.Release|Any CPU.Build.0 = Release|Any CPU
		{2D6CF9BB-B85E-42ED-B542-804CA48D6324}.Debug|Any CPU.ActiveCfg = Debug|Any CPU
		{2D6CF9BB-B85E-42ED-B542-804CA48D6324}.Debug|Any CPU.Build.0 = Debug|Any CPU
		{2D6CF9BB-B85E-42ED-B542-804CA48D6324}.Release|Any CPU.ActiveCfg = Release|Any CPU
		{2D6CF9BB-B85E-42ED-B542-804CA48D6324}.Release|Any CPU.Build.0 = Release|Any CPU
		{15AE5D72-E280-4234-BE9A-889059B56EFD}.Debug|Any CPU.ActiveCfg = Debug|Any CPU
		{15AE5D72-E280-4234-BE9A-889059B56EFD}.Debug|Any CPU.Build.0 = Debug|Any CPU
		{15AE5D72-E280-4234-BE9A-889059B56EFD}.Release|Any CPU.ActiveCfg = Release|Any CPU
		{15AE5D72-E280-4234-BE9A-889059B56EFD}.Release|Any CPU.Build.0 = Release|Any CPU
		{7E16717A-FE0D-4FD2-BD82-78AB4E09E4A4}.Debug|Any CPU.ActiveCfg = Debug|Any CPU
		{7E16717A-FE0D-4FD2-BD82-78AB4E09E4A4}.Debug|Any CPU.Build.0 = Debug|Any CPU
		{7E16717A-FE0D-4FD2-BD82-78AB4E09E4A4}.Release|Any CPU.ActiveCfg = Release|Any CPU
		{7E16717A-FE0D-4FD2-BD82-78AB4E09E4A4}.Release|Any CPU.Build.0 = Release|Any CPU
	EndGlobalSection
	GlobalSection(SolutionProperties) = preSolution
		HideSolutionNode = FALSE
	EndGlobalSection
	GlobalSection(ExtensibilityGlobals) = postSolution
		SolutionGuid = {84CE5E15-E83E-4B64-80D9-FEC8900298F4}
	EndGlobalSection
EndGlobal
